
Microsoft Visual Studio Solution File, Format Version 12.00
# Visual Studio 15
VisualStudioVersion = 15.0.28307.572
MinimumVisualStudioVersion = 10.0.40219.1
Project("{9A19103F-16F7-4668-BE54-9A1E7A4F7556}") = "CloudMicroServices.Web", "CloudMicroServices.Web\CloudMicroServices.Web.csproj", "{3D87A8F9-73D5-4F37-A87B-49F8150BE934}"
EndProject
Project("{2150E333-8FDC-42A3-9474-1A3956D46DE8}") = "App", "App", "{4FD55666-97DB-4CE9-AB31-4BB9598EED96}"
EndProject
Project("{2150E333-8FDC-42A3-9474-1A3956D46DE8}") = "Services", "Services", "{CCA7B3EC-5473-4570-802F-14A037DF5D02}"
EndProject
Project("{2150E333-8FDC-42A3-9474-1A3956D46DE8}") = "Infraestructure", "Infraestructure", "{BB7D3AA1-260F-4890-B037-1FC0D14C839C}"
EndProject
Project("{9A19103F-16F7-4668-BE54-9A1E7A4F7556}") = "CloudMicroServices.Domain", "CloudMicroServices.Domain\CloudMicroServices.Domain.csproj", "{86B033C4-4C33-4E25-8201-973D4FBA33A4}"
EndProject
Project("{9A19103F-16F7-4668-BE54-9A1E7A4F7556}") = "BaseApiArchitecture", "..\BaseApiArchitecture\BaseApiArchitecture\BaseApiArchitecture.csproj", "{9B7ADE4D-794C-4EF1-A7D5-DE7DBE45107E}"
EndProject
Project("{FAE04EC0-301F-11D3-BF4B-00C04F79EFBC}") = "CloudMicroServices.Data", "CloudMicroServices.Data\CloudMicroServices.Data.csproj", "{10620F74-B25A-4D68-BF99-C9B44121ABFA}"
EndProject
Project("{FAE04EC0-301F-11D3-BF4B-00C04F79EFBC}") = "CloudMicroServicesAuthentication", "CloudMicroServicesAuthentication\CloudMicroServicesAuthentication.csproj", "{1E4C3B00-448A-4B13-92D0-011361777507}"
EndProject
Global
	GlobalSection(SolutionConfigurationPlatforms) = preSolution
		Debug|Any CPU = Debug|Any CPU
		Release|Any CPU = Release|Any CPU
	EndGlobalSection
	GlobalSection(ProjectConfigurationPlatforms) = postSolution
		{3D87A8F9-73D5-4F37-A87B-49F8150BE934}.Debug|Any CPU.ActiveCfg = Debug|Any CPU
		{3D87A8F9-73D5-4F37-A87B-49F8150BE934}.Debug|Any CPU.Build.0 = Debug|Any CPU
		{3D87A8F9-73D5-4F37-A87B-49F8150BE934}.Release|Any CPU.ActiveCfg = Release|Any CPU
		{3D87A8F9-73D5-4F37-A87B-49F8150BE934}.Release|Any CPU.Build.0 = Release|Any CPU
		{86B033C4-4C33-4E25-8201-973D4FBA33A4}.Debug|Any CPU.ActiveCfg = Debug|Any CPU
		{86B033C4-4C33-4E25-8201-973D4FBA33A4}.Debug|Any CPU.Build.0 = Debug|Any CPU
		{86B033C4-4C33-4E25-8201-973D4FBA33A4}.Release|Any CPU.ActiveCfg = Release|Any CPU
		{86B033C4-4C33-4E25-8201-973D4FBA33A4}.Release|Any CPU.Build.0 = Release|Any CPU
		{9B7ADE4D-794C-4EF1-A7D5-DE7DBE45107E}.Debug|Any CPU.ActiveCfg = Debug|Any CPU
		{9B7ADE4D-794C-4EF1-A7D5-DE7DBE45107E}.Debug|Any CPU.Build.0 = Debug|Any CPU
		{9B7ADE4D-794C-4EF1-A7D5-DE7DBE45107E}.Release|Any CPU.ActiveCfg = Release|Any CPU
		{9B7ADE4D-794C-4EF1-A7D5-DE7DBE45107E}.Release|Any CPU.Build.0 = Release|Any CPU
		{10620F74-B25A-4D68-BF99-C9B44121ABFA}.Debug|Any CPU.ActiveCfg = Debug|Any CPU
		{10620F74-B25A-4D68-BF99-C9B44121ABFA}.Debug|Any CPU.Build.0 = Debug|Any CPU
		{10620F74-B25A-4D68-BF99-C9B44121ABFA}.Release|Any CPU.ActiveCfg = Release|Any CPU
		{10620F74-B25A-4D68-BF99-C9B44121ABFA}.Release|Any CPU.Build.0 = Release|Any CPU
		{1E4C3B00-448A-4B13-92D0-011361777507}.Debug|Any CPU.ActiveCfg = Debug|Any CPU
		{1E4C3B00-448A-4B13-92D0-011361777507}.Debug|Any CPU.Build.0 = Debug|Any CPU
		{1E4C3B00-448A-4B13-92D0-011361777507}.Release|Any CPU.ActiveCfg = Release|Any CPU
		{1E4C3B00-448A-4B13-92D0-011361777507}.Release|Any CPU.Build.0 = Release|Any CPU
	EndGlobalSection
	GlobalSection(SolutionProperties) = preSolution
		HideSolutionNode = FALSE
	EndGlobalSection
	GlobalSection(NestedProjects) = preSolution
		{3D87A8F9-73D5-4F37-A87B-49F8150BE934} = {4FD55666-97DB-4CE9-AB31-4BB9598EED96}
		{86B033C4-4C33-4E25-8201-973D4FBA33A4} = {BB7D3AA1-260F-4890-B037-1FC0D14C839C}
		{9B7ADE4D-794C-4EF1-A7D5-DE7DBE45107E} = {BB7D3AA1-260F-4890-B037-1FC0D14C839C}
		{10620F74-B25A-4D68-BF99-C9B44121ABFA} = {BB7D3AA1-260F-4890-B037-1FC0D14C839C}
		{1E4C3B00-448A-4B13-92D0-011361777507} = {CCA7B3EC-5473-4570-802F-14A037DF5D02}
	EndGlobalSection
	GlobalSection(ExtensibilityGlobals) = postSolution
		SolutionGuid = {5F34EDBA-1417-4B2C-A6A8-157749FA160F}
	EndGlobalSection
EndGlobal
